// !$*UTF8*$!
{
	archiveVersion = 1;
	classes = {
	};
	objectVersion = 55;
	objects = {

/* Begin PBXBuildFile section */
		E911634E27564A8A00E1F127 /* AppDelegate.swift in Sources */ = {isa = PBXBuildFile; fileRef = E911634D27564A8A00E1F127 /* AppDelegate.swift */; };
		E911635027564A8A00E1F127 /* SceneDelegate.swift in Sources */ = {isa = PBXBuildFile; fileRef = E911634F27564A8A00E1F127 /* SceneDelegate.swift */; };
		E911635227564A8A00E1F127 /* HomeVC.swift in Sources */ = {isa = PBXBuildFile; fileRef = E911635127564A8A00E1F127 /* HomeVC.swift */; };
		E911635527564A8A00E1F127 /* Main.storyboard in Resources */ = {isa = PBXBuildFile; fileRef = E911635327564A8A00E1F127 /* Main.storyboard */; };
		E911635827564A8A00E1F127 /* Paxi.xcdatamodeld in Sources */ = {isa = PBXBuildFile; fileRef = E911635627564A8A00E1F127 /* Paxi.xcdatamodeld */; };
		E911635A27564A8D00E1F127 /* Assets.xcassets in Resources */ = {isa = PBXBuildFile; fileRef = E911635927564A8D00E1F127 /* Assets.xcassets */; };
		E911635D27564A8D00E1F127 /* LaunchScreen.storyboard in Resources */ = {isa = PBXBuildFile; fileRef = E911635B27564A8D00E1F127 /* LaunchScreen.storyboard */; };
		E911636827564A8D00E1F127 /* PaxiTests.swift in Sources */ = {isa = PBXBuildFile; fileRef = E911636727564A8D00E1F127 /* PaxiTests.swift */; };
		E911637227564A8D00E1F127 /* PaxiUITests.swift in Sources */ = {isa = PBXBuildFile; fileRef = E911637127564A8D00E1F127 /* PaxiUITests.swift */; };
		E911637427564A8D00E1F127 /* PaxiUITestsLaunchTests.swift in Sources */ = {isa = PBXBuildFile; fileRef = E911637327564A8D00E1F127 /* PaxiUITestsLaunchTests.swift */; };
		E94A25422785D84D005A12C3 /* PaymentTitleView.swift in Sources */ = {isa = PBXBuildFile; fileRef = E94A25412785D84D005A12C3 /* PaymentTitleView.swift */; };
		E94A25462787185E005A12C3 /* PaymentFormView.swift in Sources */ = {isa = PBXBuildFile; fileRef = E94A25452787185E005A12C3 /* PaymentFormView.swift */; };
		E965D2CE276020820056A3B7 /* NewEntityVC.swift in Sources */ = {isa = PBXBuildFile; fileRef = E965D2CD276020820056A3B7 /* NewEntityVC.swift */; };
		E9776B42278C41C1005A7EB3 /* CalendarCell.swift in Sources */ = {isa = PBXBuildFile; fileRef = E9776B41278C41C1005A7EB3 /* CalendarCell.swift */; };
		E97D6B8B278B9FD9001741C6 /* FSCalendar in Frameworks */ = {isa = PBXBuildFile; productRef = E97D6B8A278B9FD9001741C6 /* FSCalendar */; };
		E97E1862278F526E0059E9B0 /* AgendaCell.swift in Sources */ = {isa = PBXBuildFile; fileRef = E97E1861278F526E0059E9B0 /* AgendaCell.swift */; };
		E97E18642790A2BD0059E9B0 /* PaymentRentTicketView.swift in Sources */ = {isa = PBXBuildFile; fileRef = E97E18632790A2BD0059E9B0 /* PaymentRentTicketView.swift */; };
		E97EB3A5276C467800B8E0E7 /* NewEntityTitleView.swift in Sources */ = {isa = PBXBuildFile; fileRef = E97EB3A4276C467800B8E0E7 /* NewEntityTitleView.swift */; };
		E97EB3A7276C471F00B8E0E7 /* NewEntityPreviewView.swift in Sources */ = {isa = PBXBuildFile; fileRef = E97EB3A6276C471F00B8E0E7 /* NewEntityPreviewView.swift */; };
		E97EB3A9276CF64100B8E0E7 /* NewEntityFormCell.swift in Sources */ = {isa = PBXBuildFile; fileRef = E97EB3A8276CF64100B8E0E7 /* NewEntityFormCell.swift */; };
		E97EB3AB276CF8FB00B8E0E7 /* NewEntityFormSection.swift in Sources */ = {isa = PBXBuildFile; fileRef = E97EB3AA276CF8FB00B8E0E7 /* NewEntityFormSection.swift */; };
		E97EB3AD276D054400B8E0E7 /* NewEntityEnum.swift in Sources */ = {isa = PBXBuildFile; fileRef = E97EB3AC276D054400B8E0E7 /* NewEntityEnum.swift */; };
		E97EB3AF276D2E6700B8E0E7 /* CoreDataStack.swift in Sources */ = {isa = PBXBuildFile; fileRef = E97EB3AE276D2E6700B8E0E7 /* CoreDataStack.swift */; };
		E982EEA5275C23BF0071CEF2 /* ManageVC.swift in Sources */ = {isa = PBXBuildFile; fileRef = E982EEA4275C23BF0071CEF2 /* ManageVC.swift */; };
		E982EEB0275C25640071CEF2 /* PaymentVC.swift in Sources */ = {isa = PBXBuildFile; fileRef = E982EEAF275C25640071CEF2 /* PaymentVC.swift */; };
		E982EEB2275C25870071CEF2 /* HistoryVC.swift in Sources */ = {isa = PBXBuildFile; fileRef = E982EEB1275C25870071CEF2 /* HistoryVC.swift */; };
		E982EEB4275C25E00071CEF2 /* HistorySearchVC.swift in Sources */ = {isa = PBXBuildFile; fileRef = E982EEB3275C25E00071CEF2 /* HistorySearchVC.swift */; };
		E982EEC0275C281A0071CEF2 /* EntriesVC.swift in Sources */ = {isa = PBXBuildFile; fileRef = E982EEBF275C281A0071CEF2 /* EntriesVC.swift */; };
		E982EEC2275C28330071CEF2 /* EntriesInfoView.swift in Sources */ = {isa = PBXBuildFile; fileRef = E982EEC1275C28330071CEF2 /* EntriesInfoView.swift */; };
		E982EEC4275C285D0071CEF2 /* EntriesEditView.swift in Sources */ = {isa = PBXBuildFile; fileRef = E982EEC3275C285D0071CEF2 /* EntriesEditView.swift */; };
		E982EEC6275C28970071CEF2 /* AgendaVC.swift in Sources */ = {isa = PBXBuildFile; fileRef = E982EEC5275C28970071CEF2 /* AgendaVC.swift */; };
		E982EEC8275C28A20071CEF2 /* DashboardVC.swift in Sources */ = {isa = PBXBuildFile; fileRef = E982EEC7275C28A20071CEF2 /* DashboardVC.swift */; };
		E9941BE6275E87AC00A3CC8D /* ManageTitleCell.swift in Sources */ = {isa = PBXBuildFile; fileRef = E9941BE5275E87AC00A3CC8D /* ManageTitleCell.swift */; };
		E9941BEA275E87EF00A3CC8D /* ManageEntityCell.swift in Sources */ = {isa = PBXBuildFile; fileRef = E9941BE9275E87EF00A3CC8D /* ManageEntityCell.swift */; };
		E9941BEC275E880D00A3CC8D /* ManageTitleSection.swift in Sources */ = {isa = PBXBuildFile; fileRef = E9941BEB275E880D00A3CC8D /* ManageTitleSection.swift */; };
		E9941BEE275E881900A3CC8D /* ManageEntitySection.swift in Sources */ = {isa = PBXBuildFile; fileRef = E9941BED275E881900A3CC8D /* ManageEntitySection.swift */; };
		E9941BF2275EBA2500A3CC8D /* ManageTestingEntities.swift in Sources */ = {isa = PBXBuildFile; fileRef = E9941BF1275EBA2500A3CC8D /* ManageTestingEntities.swift */; };
		E99FB7B2275C4A65001B84E2 /* Section.swift in Sources */ = {isa = PBXBuildFile; fileRef = E99FB7B1275C4A65001B84E2 /* Section.swift */; };
		E99FB7B4275C50E9001B84E2 /* Selection.swift in Sources */ = {isa = PBXBuildFile; fileRef = E99FB7B3275C50E9001B84E2 /* Selection.swift */; };
		E99FB7BB275C534D001B84E2 /* TitleSection.swift in Sources */ = {isa = PBXBuildFile; fileRef = E99FB7BA275C534D001B84E2 /* TitleSection.swift */; };
		E99FB7BD275C537C001B84E2 /* QuickSelectionSection.swift in Sources */ = {isa = PBXBuildFile; fileRef = E99FB7BC275C537C001B84E2 /* QuickSelectionSection.swift */; };
		E99FB7BF275C53A6001B84E2 /* PropertiesSection.swift in Sources */ = {isa = PBXBuildFile; fileRef = E99FB7BE275C53A6001B84E2 /* PropertiesSection.swift */; };
		E99FB7C1275C5400001B84E2 /* TitleCell.swift in Sources */ = {isa = PBXBuildFile; fileRef = E99FB7C0275C5400001B84E2 /* TitleCell.swift */; };
		E99FB7C3275C540D001B84E2 /* QuickSelectionCell.swift in Sources */ = {isa = PBXBuildFile; fileRef = E99FB7C2275C540D001B84E2 /* QuickSelectionCell.swift */; };
		E99FB7C7275C563D001B84E2 /* PropertiesCell.swift in Sources */ = {isa = PBXBuildFile; fileRef = E99FB7C6275C563D001B84E2 /* PropertiesCell.swift */; };
		E99FB7CB275D8BFB001B84E2 /* TestingProperties.swift in Sources */ = {isa = PBXBuildFile; fileRef = E99FB7CA275D8BFB001B84E2 /* TestingProperties.swift */; };
		E9C85ACB278E1CE8006505D5 /* SearchCell.swift in Sources */ = {isa = PBXBuildFile; fileRef = E9C85ACA278E1CE8006505D5 /* SearchCell.swift */; };
/* End PBXBuildFile section */

/* Begin PBXContainerItemProxy section */
		E911636427564A8D00E1F127 /* PBXContainerItemProxy */ = {
			isa = PBXContainerItemProxy;
			containerPortal = E911634227564A8A00E1F127 /* Project object */;
			proxyType = 1;
			remoteGlobalIDString = E911634927564A8A00E1F127;
			remoteInfo = Paxi;
		};
		E911636E27564A8D00E1F127 /* PBXContainerItemProxy */ = {
			isa = PBXContainerItemProxy;
			containerPortal = E911634227564A8A00E1F127 /* Project object */;
			proxyType = 1;
			remoteGlobalIDString = E911634927564A8A00E1F127;
			remoteInfo = Paxi;
		};
/* End PBXContainerItemProxy section */

/* Begin PBXFileReference section */
		E911634A27564A8A00E1F127 /* Paxi.app */ = {isa = PBXFileReference; explicitFileType = wrapper.application; includeInIndex = 0; path = Paxi.app; sourceTree = BUILT_PRODUCTS_DIR; };
		E911634D27564A8A00E1F127 /* AppDelegate.swift */ = {isa = PBXFileReference; lastKnownFileType = sourcecode.swift; path = AppDelegate.swift; sourceTree = "<group>"; };
		E911634F27564A8A00E1F127 /* SceneDelegate.swift */ = {isa = PBXFileReference; lastKnownFileType = sourcecode.swift; path = SceneDelegate.swift; sourceTree = "<group>"; };
		E911635127564A8A00E1F127 /* HomeVC.swift */ = {isa = PBXFileReference; lastKnownFileType = sourcecode.swift; path = HomeVC.swift; sourceTree = "<group>"; };
		E911635427564A8A00E1F127 /* Base */ = {isa = PBXFileReference; lastKnownFileType = file.storyboard; name = Base; path = Base.lproj/Main.storyboard; sourceTree = "<group>"; };
		E911635727564A8A00E1F127 /* Paxi.xcdatamodel */ = {isa = PBXFileReference; lastKnownFileType = wrapper.xcdatamodel; path = Paxi.xcdatamodel; sourceTree = "<group>"; };
		E911635927564A8D00E1F127 /* Assets.xcassets */ = {isa = PBXFileReference; lastKnownFileType = folder.assetcatalog; path = Assets.xcassets; sourceTree = "<group>"; };
		E911635C27564A8D00E1F127 /* Base */ = {isa = PBXFileReference; lastKnownFileType = file.storyboard; name = Base; path = Base.lproj/LaunchScreen.storyboard; sourceTree = "<group>"; };
		E911635E27564A8D00E1F127 /* Info.plist */ = {isa = PBXFileReference; lastKnownFileType = text.plist.xml; path = Info.plist; sourceTree = "<group>"; };
		E911636327564A8D00E1F127 /* PaxiTests.xctest */ = {isa = PBXFileReference; explicitFileType = wrapper.cfbundle; includeInIndex = 0; path = PaxiTests.xctest; sourceTree = BUILT_PRODUCTS_DIR; };
		E911636727564A8D00E1F127 /* PaxiTests.swift */ = {isa = PBXFileReference; lastKnownFileType = sourcecode.swift; path = PaxiTests.swift; sourceTree = "<group>"; };
		E911636D27564A8D00E1F127 /* PaxiUITests.xctest */ = {isa = PBXFileReference; explicitFileType = wrapper.cfbundle; includeInIndex = 0; path = PaxiUITests.xctest; sourceTree = BUILT_PRODUCTS_DIR; };
		E911637127564A8D00E1F127 /* PaxiUITests.swift */ = {isa = PBXFileReference; lastKnownFileType = sourcecode.swift; path = PaxiUITests.swift; sourceTree = "<group>"; };
		E911637327564A8D00E1F127 /* PaxiUITestsLaunchTests.swift */ = {isa = PBXFileReference; lastKnownFileType = sourcecode.swift; path = PaxiUITestsLaunchTests.swift; sourceTree = "<group>"; };
		E94A25412785D84D005A12C3 /* PaymentTitleView.swift */ = {isa = PBXFileReference; lastKnownFileType = sourcecode.swift; path = PaymentTitleView.swift; sourceTree = "<group>"; };
		E94A25452787185E005A12C3 /* PaymentFormView.swift */ = {isa = PBXFileReference; lastKnownFileType = sourcecode.swift; path = PaymentFormView.swift; sourceTree = "<group>"; };
		E965D2CD276020820056A3B7 /* NewEntityVC.swift */ = {isa = PBXFileReference; lastKnownFileType = sourcecode.swift; path = NewEntityVC.swift; sourceTree = "<group>"; };
		E9776B41278C41C1005A7EB3 /* CalendarCell.swift */ = {isa = PBXFileReference; lastKnownFileType = sourcecode.swift; path = CalendarCell.swift; sourceTree = "<group>"; };
		E97E1861278F526E0059E9B0 /* AgendaCell.swift */ = {isa = PBXFileReference; lastKnownFileType = sourcecode.swift; path = AgendaCell.swift; sourceTree = "<group>"; };
		E97E18632790A2BD0059E9B0 /* PaymentRentTicketView.swift */ = {isa = PBXFileReference; lastKnownFileType = sourcecode.swift; path = PaymentRentTicketView.swift; sourceTree = "<group>"; };
		E97EB3A4276C467800B8E0E7 /* NewEntityTitleView.swift */ = {isa = PBXFileReference; lastKnownFileType = sourcecode.swift; path = NewEntityTitleView.swift; sourceTree = "<group>"; };
		E97EB3A6276C471F00B8E0E7 /* NewEntityPreviewView.swift */ = {isa = PBXFileReference; lastKnownFileType = sourcecode.swift; path = NewEntityPreviewView.swift; sourceTree = "<group>"; };
		E97EB3A8276CF64100B8E0E7 /* NewEntityFormCell.swift */ = {isa = PBXFileReference; lastKnownFileType = sourcecode.swift; path = NewEntityFormCell.swift; sourceTree = "<group>"; };
		E97EB3AA276CF8FB00B8E0E7 /* NewEntityFormSection.swift */ = {isa = PBXFileReference; lastKnownFileType = sourcecode.swift; path = NewEntityFormSection.swift; sourceTree = "<group>"; };
		E97EB3AC276D054400B8E0E7 /* NewEntityEnum.swift */ = {isa = PBXFileReference; lastKnownFileType = sourcecode.swift; path = NewEntityEnum.swift; sourceTree = "<group>"; };
		E97EB3AE276D2E6700B8E0E7 /* CoreDataStack.swift */ = {isa = PBXFileReference; lastKnownFileType = sourcecode.swift; path = CoreDataStack.swift; sourceTree = "<group>"; };
		E982EEA4275C23BF0071CEF2 /* ManageVC.swift */ = {isa = PBXFileReference; lastKnownFileType = sourcecode.swift; path = ManageVC.swift; sourceTree = "<group>"; };
		E982EEAF275C25640071CEF2 /* PaymentVC.swift */ = {isa = PBXFileReference; lastKnownFileType = sourcecode.swift; path = PaymentVC.swift; sourceTree = "<group>"; };
		E982EEB1275C25870071CEF2 /* HistoryVC.swift */ = {isa = PBXFileReference; lastKnownFileType = sourcecode.swift; path = HistoryVC.swift; sourceTree = "<group>"; };
		E982EEB3275C25E00071CEF2 /* HistorySearchVC.swift */ = {isa = PBXFileReference; lastKnownFileType = sourcecode.swift; path = HistorySearchVC.swift; sourceTree = "<group>"; };
		E982EEBF275C281A0071CEF2 /* EntriesVC.swift */ = {isa = PBXFileReference; lastKnownFileType = sourcecode.swift; path = EntriesVC.swift; sourceTree = "<group>"; };
		E982EEC1275C28330071CEF2 /* EntriesInfoView.swift */ = {isa = PBXFileReference; lastKnownFileType = sourcecode.swift; path = EntriesInfoView.swift; sourceTree = "<group>"; };
		E982EEC3275C285D0071CEF2 /* EntriesEditView.swift */ = {isa = PBXFileReference; lastKnownFileType = sourcecode.swift; path = EntriesEditView.swift; sourceTree = "<group>"; };
		E982EEC5275C28970071CEF2 /* AgendaVC.swift */ = {isa = PBXFileReference; lastKnownFileType = sourcecode.swift; path = AgendaVC.swift; sourceTree = "<group>"; };
		E982EEC7275C28A20071CEF2 /* DashboardVC.swift */ = {isa = PBXFileReference; lastKnownFileType = sourcecode.swift; path = DashboardVC.swift; sourceTree = "<group>"; };
		E9941BE5275E87AC00A3CC8D /* ManageTitleCell.swift */ = {isa = PBXFileReference; lastKnownFileType = sourcecode.swift; path = ManageTitleCell.swift; sourceTree = "<group>"; };
		E9941BE9275E87EF00A3CC8D /* ManageEntityCell.swift */ = {isa = PBXFileReference; lastKnownFileType = sourcecode.swift; path = ManageEntityCell.swift; sourceTree = "<group>"; };
		E9941BEB275E880D00A3CC8D /* ManageTitleSection.swift */ = {isa = PBXFileReference; lastKnownFileType = sourcecode.swift; path = ManageTitleSection.swift; sourceTree = "<group>"; };
		E9941BED275E881900A3CC8D /* ManageEntitySection.swift */ = {isa = PBXFileReference; lastKnownFileType = sourcecode.swift; path = ManageEntitySection.swift; sourceTree = "<group>"; };
		E9941BF1275EBA2500A3CC8D /* ManageTestingEntities.swift */ = {isa = PBXFileReference; lastKnownFileType = sourcecode.swift; path = ManageTestingEntities.swift; sourceTree = "<group>"; };
		E99FB7B1275C4A65001B84E2 /* Section.swift */ = {isa = PBXFileReference; lastKnownFileType = sourcecode.swift; path = Section.swift; sourceTree = "<group>"; };
		E99FB7B3275C50E9001B84E2 /* Selection.swift */ = {isa = PBXFileReference; lastKnownFileType = sourcecode.swift; path = Selection.swift; sourceTree = "<group>"; };
		E99FB7BA275C534D001B84E2 /* TitleSection.swift */ = {isa = PBXFileReference; lastKnownFileType = sourcecode.swift; path = TitleSection.swift; sourceTree = "<group>"; };
		E99FB7BC275C537C001B84E2 /* QuickSelectionSection.swift */ = {isa = PBXFileReference; lastKnownFileType = sourcecode.swift; path = QuickSelectionSection.swift; sourceTree = "<group>"; };
		E99FB7BE275C53A6001B84E2 /* PropertiesSection.swift */ = {isa = PBXFileReference; lastKnownFileType = sourcecode.swift; path = PropertiesSection.swift; sourceTree = "<group>"; };
		E99FB7C0275C5400001B84E2 /* TitleCell.swift */ = {isa = PBXFileReference; lastKnownFileType = sourcecode.swift; path = TitleCell.swift; sourceTree = "<group>"; };
		E99FB7C2275C540D001B84E2 /* QuickSelectionCell.swift */ = {isa = PBXFileReference; lastKnownFileType = sourcecode.swift; path = QuickSelectionCell.swift; sourceTree = "<group>"; };
		E99FB7C6275C563D001B84E2 /* PropertiesCell.swift */ = {isa = PBXFileReference; lastKnownFileType = sourcecode.swift; path = PropertiesCell.swift; sourceTree = "<group>"; };
		E99FB7CA275D8BFB001B84E2 /* TestingProperties.swift */ = {isa = PBXFileReference; lastKnownFileType = sourcecode.swift; path = TestingProperties.swift; sourceTree = "<group>"; };
		E9C85ACA278E1CE8006505D5 /* SearchCell.swift */ = {isa = PBXFileReference; lastKnownFileType = sourcecode.swift; path = SearchCell.swift; sourceTree = "<group>"; };
/* End PBXFileReference section */

/* Begin PBXFrameworksBuildPhase section */
		E911634727564A8A00E1F127 /* Frameworks */ = {
			isa = PBXFrameworksBuildPhase;
			buildActionMask = 2147483647;
			files = (
				E97D6B8B278B9FD9001741C6 /* FSCalendar in Frameworks */,
			);
			runOnlyForDeploymentPostprocessing = 0;
		};
		E911636027564A8D00E1F127 /* Frameworks */ = {
			isa = PBXFrameworksBuildPhase;
			buildActionMask = 2147483647;
			files = (
			);
			runOnlyForDeploymentPostprocessing = 0;
		};
		E911636A27564A8D00E1F127 /* Frameworks */ = {
			isa = PBXFrameworksBuildPhase;
			buildActionMask = 2147483647;
			files = (
			);
			runOnlyForDeploymentPostprocessing = 0;
		};
/* End PBXFrameworksBuildPhase section */

/* Begin PBXGroup section */
		E911634127564A8A00E1F127 = {
			isa = PBXGroup;
			children = (
				E911634C27564A8A00E1F127 /* Paxi */,
				E911636627564A8D00E1F127 /* PaxiTests */,
				E911637027564A8D00E1F127 /* PaxiUITests */,
				E911634B27564A8A00E1F127 /* Products */,
			);
			sourceTree = "<group>";
		};
		E911634B27564A8A00E1F127 /* Products */ = {
			isa = PBXGroup;
			children = (
				E911634A27564A8A00E1F127 /* Paxi.app */,
				E911636327564A8D00E1F127 /* PaxiTests.xctest */,
				E911636D27564A8D00E1F127 /* PaxiUITests.xctest */,
			);
			name = Products;
			sourceTree = "<group>";
		};
		E911634C27564A8A00E1F127 /* Paxi */ = {
			isa = PBXGroup;
			children = (
				E911635E27564A8D00E1F127 /* Info.plist */,
				E911634D27564A8A00E1F127 /* AppDelegate.swift */,
				E911634F27564A8A00E1F127 /* SceneDelegate.swift */,
				E99FB7AE275C4928001B84E2 /* Home */,
				E982EE9F275C1FC40071CEF2 /* Managment */,
				E982EEA8275C24A50071CEF2 /* Payment */,
				E982EEAC275C24CA0071CEF2 /* History */,
				E982EEBE275C27D90071CEF2 /* Entries */,
				E982EEAE275C24D90071CEF2 /* Agenda */,
				E982EEAD275C24D30071CEF2 /* Dashboard */,
				E982EECA275C29110071CEF2 /* Model */,
				E982EEC9275C29080071CEF2 /* Assets */,
				E911638027564AE100E1F127 /* Storyboards */,
			);
			path = Paxi;
			sourceTree = "<group>";
		};
		E911636627564A8D00E1F127 /* PaxiTests */ = {
			isa = PBXGroup;
			children = (
				E911636727564A8D00E1F127 /* PaxiTests.swift */,
			);
			path = PaxiTests;
			sourceTree = "<group>";
		};
		E911637027564A8D00E1F127 /* PaxiUITests */ = {
			isa = PBXGroup;
			children = (
				E911637127564A8D00E1F127 /* PaxiUITests.swift */,
				E911637327564A8D00E1F127 /* PaxiUITestsLaunchTests.swift */,
			);
			path = PaxiUITests;
			sourceTree = "<group>";
		};
		E911638027564AE100E1F127 /* Storyboards */ = {
			isa = PBXGroup;
			children = (
				E911635327564A8A00E1F127 /* Main.storyboard */,
				E911635B27564A8D00E1F127 /* LaunchScreen.storyboard */,
			);
			path = Storyboards;
			sourceTree = "<group>";
		};
		E94A253E2785D7E1005A12C3 /* View */ = {
			isa = PBXGroup;
			children = (
				E94A25412785D84D005A12C3 /* PaymentTitleView.swift */,
				E94A25452787185E005A12C3 /* PaymentFormView.swift */,
				E97E18632790A2BD0059E9B0 /* PaymentRentTicketView.swift */,
			);
			path = View;
			sourceTree = "<group>";
		};
		E9776B3E278C4062005A7EB3 /* Cells */ = {
			isa = PBXGroup;
			children = (
				E9776B41278C41C1005A7EB3 /* CalendarCell.swift */,
				E9C85ACA278E1CE8006505D5 /* SearchCell.swift */,
			);
			path = Cells;
			sourceTree = "<group>";
		};
		E97D6B8C278BCB32001741C6 /* View */ = {
			isa = PBXGroup;
			children = (
				E9776B3E278C4062005A7EB3 /* Cells */,
			);
			path = View;
			sourceTree = "<group>";
		};
		E97E185D278F0D750059E9B0 /* View */ = {
			isa = PBXGroup;
			children = (
				E97E1860278F52450059E9B0 /* Cells */,
			);
			path = View;
			sourceTree = "<group>";
		};
		E97E1860278F52450059E9B0 /* Cells */ = {
			isa = PBXGroup;
			children = (
				E97E1861278F526E0059E9B0 /* AgendaCell.swift */,
			);
			path = Cells;
			sourceTree = "<group>";
		};
		E982EE9F275C1FC40071CEF2 /* Managment */ = {
			isa = PBXGroup;
			children = (
				E9941BDD275E5C6900A3CC8D /* Model */,
				E9941BDE275E5C6F00A3CC8D /* View */,
				E982EEA4275C23BF0071CEF2 /* ManageVC.swift */,
				E965D2CD276020820056A3B7 /* NewEntityVC.swift */,
			);
			path = Managment;
			sourceTree = "<group>";
		};
		E982EEA8275C24A50071CEF2 /* Payment */ = {
			isa = PBXGroup;
			children = (
				E94A253E2785D7E1005A12C3 /* View */,
				E982EEAF275C25640071CEF2 /* PaymentVC.swift */,
			);
			path = Payment;
			sourceTree = "<group>";
		};
		E982EEAC275C24CA0071CEF2 /* History */ = {
			isa = PBXGroup;
			children = (
				E97D6B8C278BCB32001741C6 /* View */,
				E982EEB1275C25870071CEF2 /* HistoryVC.swift */,
				E982EEB3275C25E00071CEF2 /* HistorySearchVC.swift */,
			);
			path = History;
			sourceTree = "<group>";
		};
		E982EEAD275C24D30071CEF2 /* Dashboard */ = {
			isa = PBXGroup;
			children = (
				E982EEC7275C28A20071CEF2 /* DashboardVC.swift */,
			);
			path = Dashboard;
			sourceTree = "<group>";
		};
		E982EEAE275C24D90071CEF2 /* Agenda */ = {
			isa = PBXGroup;
			children = (
				E97E185D278F0D750059E9B0 /* View */,
				E982EEC5275C28970071CEF2 /* AgendaVC.swift */,
			);
			path = Agenda;
			sourceTree = "<group>";
		};
		E982EEBE275C27D90071CEF2 /* Entries */ = {
			isa = PBXGroup;
			children = (
				E982EEBF275C281A0071CEF2 /* EntriesVC.swift */,
				E982EEC1275C28330071CEF2 /* EntriesInfoView.swift */,
				E982EEC3275C285D0071CEF2 /* EntriesEditView.swift */,
			);
			path = Entries;
			sourceTree = "<group>";
		};
		E982EEC9275C29080071CEF2 /* Assets */ = {
			isa = PBXGroup;
			children = (
				E911635927564A8D00E1F127 /* Assets.xcassets */,
			);
			path = Assets;
			sourceTree = "<group>";
		};
		E982EECA275C29110071CEF2 /* Model */ = {
			isa = PBXGroup;
			children = (
				E97EB3AE276D2E6700B8E0E7 /* CoreDataStack.swift */,
				E99FB7B1275C4A65001B84E2 /* Section.swift */,
				E911635627564A8A00E1F127 /* Paxi.xcdatamodeld */,
			);
			path = Model;
			sourceTree = "<group>";
		};
		E9941BDD275E5C6900A3CC8D /* Model */ = {
			isa = PBXGroup;
			children = (
				E9941BF1275EBA2500A3CC8D /* ManageTestingEntities.swift */,
				E97EB3AC276D054400B8E0E7 /* NewEntityEnum.swift */,
			);
			path = Model;
			sourceTree = "<group>";
		};
		E9941BDE275E5C6F00A3CC8D /* View */ = {
			isa = PBXGroup;
			children = (
				E9941BDF275E5E3200A3CC8D /* Sections */,
				E9941BE0275E5E3800A3CC8D /* Cells */,
				E97EB3A4276C467800B8E0E7 /* NewEntityTitleView.swift */,
				E97EB3A6276C471F00B8E0E7 /* NewEntityPreviewView.swift */,
			);
			path = View;
			sourceTree = "<group>";
		};
		E9941BDF275E5E3200A3CC8D /* Sections */ = {
			isa = PBXGroup;
			children = (
				E9941BEB275E880D00A3CC8D /* ManageTitleSection.swift */,
				E9941BED275E881900A3CC8D /* ManageEntitySection.swift */,
				E97EB3AA276CF8FB00B8E0E7 /* NewEntityFormSection.swift */,
			);
			path = Sections;
			sourceTree = "<group>";
		};
		E9941BE0275E5E3800A3CC8D /* Cells */ = {
			isa = PBXGroup;
			children = (
				E9941BE5275E87AC00A3CC8D /* ManageTitleCell.swift */,
				E9941BE9275E87EF00A3CC8D /* ManageEntityCell.swift */,
				E97EB3A8276CF64100B8E0E7 /* NewEntityFormCell.swift */,
			);
			path = Cells;
			sourceTree = "<group>";
		};
		E99FB7AE275C4928001B84E2 /* Home */ = {
			isa = PBXGroup;
			children = (
				E99FB7B6275C5173001B84E2 /* Model */,
				E99FB7B5275C5169001B84E2 /* View */,
				E911635127564A8A00E1F127 /* HomeVC.swift */,
			);
			path = Home;
			sourceTree = "<group>";
		};
		E99FB7AF275C494B001B84E2 /* Sections */ = {
			isa = PBXGroup;
			children = (
				E99FB7BA275C534D001B84E2 /* TitleSection.swift */,
				E99FB7BC275C537C001B84E2 /* QuickSelectionSection.swift */,
				E99FB7BE275C53A6001B84E2 /* PropertiesSection.swift */,
			);
			path = Sections;
			sourceTree = "<group>";
		};
		E99FB7B0275C4950001B84E2 /* Cells */ = {
			isa = PBXGroup;
			children = (
				E99FB7C0275C5400001B84E2 /* TitleCell.swift */,
				E99FB7C2275C540D001B84E2 /* QuickSelectionCell.swift */,
				E99FB7C6275C563D001B84E2 /* PropertiesCell.swift */,
			);
			path = Cells;
			sourceTree = "<group>";
		};
		E99FB7B5275C5169001B84E2 /* View */ = {
			isa = PBXGroup;
			children = (
				E99FB7AF275C494B001B84E2 /* Sections */,
				E99FB7B0275C4950001B84E2 /* Cells */,
			);
			path = View;
			sourceTree = "<group>";
		};
		E99FB7B6275C5173001B84E2 /* Model */ = {
			isa = PBXGroup;
			children = (
				E99FB7B3275C50E9001B84E2 /* Selection.swift */,
				E99FB7CA275D8BFB001B84E2 /* TestingProperties.swift */,
			);
			path = Model;
			sourceTree = "<group>";
		};
/* End PBXGroup section */

/* Begin PBXNativeTarget section */
		E911634927564A8A00E1F127 /* Paxi */ = {
			isa = PBXNativeTarget;
			buildConfigurationList = E911637727564A8D00E1F127 /* Build configuration list for PBXNativeTarget "Paxi" */;
			buildPhases = (
				E911634627564A8A00E1F127 /* Sources */,
				E911634727564A8A00E1F127 /* Frameworks */,
				E911634827564A8A00E1F127 /* Resources */,
			);
			buildRules = (
			);
			dependencies = (
			);
			name = Paxi;
			packageProductDependencies = (
				E97D6B8A278B9FD9001741C6 /* FSCalendar */,
			);
			productName = Paxi;
			productReference = E911634A27564A8A00E1F127 /* Paxi.app */;
			productType = "com.apple.product-type.application";
		};
		E911636227564A8D00E1F127 /* PaxiTests */ = {
			isa = PBXNativeTarget;
			buildConfigurationList = E911637A27564A8D00E1F127 /* Build configuration list for PBXNativeTarget "PaxiTests" */;
			buildPhases = (
				E911635F27564A8D00E1F127 /* Sources */,
				E911636027564A8D00E1F127 /* Frameworks */,
				E911636127564A8D00E1F127 /* Resources */,
			);
			buildRules = (
			);
			dependencies = (
				E911636527564A8D00E1F127 /* PBXTargetDependency */,
			);
			name = PaxiTests;
			productName = PaxiTests;
			productReference = E911636327564A8D00E1F127 /* PaxiTests.xctest */;
			productType = "com.apple.product-type.bundle.unit-test";
		};
		E911636C27564A8D00E1F127 /* PaxiUITests */ = {
			isa = PBXNativeTarget;
			buildConfigurationList = E911637D27564A8D00E1F127 /* Build configuration list for PBXNativeTarget "PaxiUITests" */;
			buildPhases = (
				E911636927564A8D00E1F127 /* Sources */,
				E911636A27564A8D00E1F127 /* Frameworks */,
				E911636B27564A8D00E1F127 /* Resources */,
			);
			buildRules = (
			);
			dependencies = (
				E911636F27564A8D00E1F127 /* PBXTargetDependency */,
			);
			name = PaxiUITests;
			productName = PaxiUITests;
			productReference = E911636D27564A8D00E1F127 /* PaxiUITests.xctest */;
			productType = "com.apple.product-type.bundle.ui-testing";
		};
/* End PBXNativeTarget section */

/* Begin PBXProject section */
		E911634227564A8A00E1F127 /* Project object */ = {
			isa = PBXProject;
			attributes = {
				BuildIndependentTargetsInParallel = 1;
				LastSwiftUpdateCheck = 1310;
				LastUpgradeCheck = 1310;
				TargetAttributes = {
					E911634927564A8A00E1F127 = {
						CreatedOnToolsVersion = 13.1;
					};
					E911636227564A8D00E1F127 = {
						CreatedOnToolsVersion = 13.1;
						TestTargetID = E911634927564A8A00E1F127;
					};
					E911636C27564A8D00E1F127 = {
						CreatedOnToolsVersion = 13.1;
						TestTargetID = E911634927564A8A00E1F127;
					};
				};
			};
			buildConfigurationList = E911634527564A8A00E1F127 /* Build configuration list for PBXProject "Paxi" */;
			compatibilityVersion = "Xcode 13.0";
			developmentRegion = en;
			hasScannedForEncodings = 0;
			knownRegions = (
				en,
				Base,
			);
			mainGroup = E911634127564A8A00E1F127;
			packageReferences = (
				E97D6B89278B9FD9001741C6 /* XCRemoteSwiftPackageReference "FSCalendar" */,
			);
			productRefGroup = E911634B27564A8A00E1F127 /* Products */;
			projectDirPath = "";
			projectRoot = "";
			targets = (
				E911634927564A8A00E1F127 /* Paxi */,
				E911636227564A8D00E1F127 /* PaxiTests */,
				E911636C27564A8D00E1F127 /* PaxiUITests */,
			);
		};
/* End PBXProject section */

/* Begin PBXResourcesBuildPhase section */
		E911634827564A8A00E1F127 /* Resources */ = {
			isa = PBXResourcesBuildPhase;
			buildActionMask = 2147483647;
			files = (
				E911635D27564A8D00E1F127 /* LaunchScreen.storyboard in Resources */,
				E911635A27564A8D00E1F127 /* Assets.xcassets in Resources */,
				E911635527564A8A00E1F127 /* Main.storyboard in Resources */,
			);
			runOnlyForDeploymentPostprocessing = 0;
		};
		E911636127564A8D00E1F127 /* Resources */ = {
			isa = PBXResourcesBuildPhase;
			buildActionMask = 2147483647;
			files = (
			);
			runOnlyForDeploymentPostprocessing = 0;
		};
		E911636B27564A8D00E1F127 /* Resources */ = {
			isa = PBXResourcesBuildPhase;
			buildActionMask = 2147483647;
			files = (
			);
			runOnlyForDeploymentPostprocessing = 0;
		};
/* End PBXResourcesBuildPhase section */

/* Begin PBXSourcesBuildPhase section */
		E911634627564A8A00E1F127 /* Sources */ = {
			isa = PBXSourcesBuildPhase;
			buildActionMask = 2147483647;
			files = (
				E99FB7C7275C563D001B84E2 /* PropertiesCell.swift in Sources */,
				E9941BE6275E87AC00A3CC8D /* ManageTitleCell.swift in Sources */,
				E982EEC0275C281A0071CEF2 /* EntriesVC.swift in Sources */,
				E99FB7BD275C537C001B84E2 /* QuickSelectionSection.swift in Sources */,
				E982EEC8275C28A20071CEF2 /* DashboardVC.swift in Sources */,
				E9941BF2275EBA2500A3CC8D /* ManageTestingEntities.swift in Sources */,
				E911635227564A8A00E1F127 /* HomeVC.swift in Sources */,
				E97EB3A7276C471F00B8E0E7 /* NewEntityPreviewView.swift in Sources */,
				E99FB7C3275C540D001B84E2 /* QuickSelectionCell.swift in Sources */,
				E982EEC4275C285D0071CEF2 /* EntriesEditView.swift in Sources */,
				E99FB7B4275C50E9001B84E2 /* Selection.swift in Sources */,
				E97EB3AF276D2E6700B8E0E7 /* CoreDataStack.swift in Sources */,
				E911634E27564A8A00E1F127 /* AppDelegate.swift in Sources */,
				E9C85ACB278E1CE8006505D5 /* SearchCell.swift in Sources */,
				E99FB7BB275C534D001B84E2 /* TitleSection.swift in Sources */,
				E97EB3A9276CF64100B8E0E7 /* NewEntityFormCell.swift in Sources */,
				E97EB3AD276D054400B8E0E7 /* NewEntityEnum.swift in Sources */,
				E982EEB4275C25E00071CEF2 /* HistorySearchVC.swift in Sources */,
				E911635027564A8A00E1F127 /* SceneDelegate.swift in Sources */,
				E97EB3A5276C467800B8E0E7 /* NewEntityTitleView.swift in Sources */,
				E97E18642790A2BD0059E9B0 /* PaymentRentTicketView.swift in Sources */,
				E99FB7CB275D8BFB001B84E2 /* TestingProperties.swift in Sources */,
				E911635827564A8A00E1F127 /* Paxi.xcdatamodeld in Sources */,
				E99FB7BF275C53A6001B84E2 /* PropertiesSection.swift in Sources */,
				E97E1862278F526E0059E9B0 /* AgendaCell.swift in Sources */,
				E982EEB2275C25870071CEF2 /* HistoryVC.swift in Sources */,
				E982EEB0275C25640071CEF2 /* PaymentVC.swift in Sources */,
				E99FB7C1275C5400001B84E2 /* TitleCell.swift in Sources */,
				E9941BEE275E881900A3CC8D /* ManageEntitySection.swift in Sources */,
				E94A25462787185E005A12C3 /* PaymentFormView.swift in Sources */,
				E982EEC2275C28330071CEF2 /* EntriesInfoView.swift in Sources */,
				E9941BEA275E87EF00A3CC8D /* ManageEntityCell.swift in Sources */,
				E99FB7B2275C4A65001B84E2 /* Section.swift in Sources */,
				E982EEC6275C28970071CEF2 /* AgendaVC.swift in Sources */,
				E965D2CE276020820056A3B7 /* NewEntityVC.swift in Sources */,
				E94A25422785D84D005A12C3 /* PaymentTitleView.swift in Sources */,
				E982EEA5275C23BF0071CEF2 /* ManageVC.swift in Sources */,
				E97EB3AB276CF8FB00B8E0E7 /* NewEntityFormSection.swift in Sources */,
				E9776B42278C41C1005A7EB3 /* CalendarCell.swift in Sources */,
				E9941BEC275E880D00A3CC8D /* ManageTitleSection.swift in Sources */,
			);
			runOnlyForDeploymentPostprocessing = 0;
		};
		E911635F27564A8D00E1F127 /* Sources */ = {
			isa = PBXSourcesBuildPhase;
			buildActionMask = 2147483647;
			files = (
				E911636827564A8D00E1F127 /* PaxiTests.swift in Sources */,
			);
			runOnlyForDeploymentPostprocessing = 0;
		};
		E911636927564A8D00E1F127 /* Sources */ = {
			isa = PBXSourcesBuildPhase;
			buildActionMask = 2147483647;
			files = (
				E911637427564A8D00E1F127 /* PaxiUITestsLaunchTests.swift in Sources */,
				E911637227564A8D00E1F127 /* PaxiUITests.swift in Sources */,
			);
			runOnlyForDeploymentPostprocessing = 0;
		};
/* End PBXSourcesBuildPhase section */

/* Begin PBXTargetDependency section */
		E911636527564A8D00E1F127 /* PBXTargetDependency */ = {
			isa = PBXTargetDependency;
			target = E911634927564A8A00E1F127 /* Paxi */;
			targetProxy = E911636427564A8D00E1F127 /* PBXContainerItemProxy */;
		};
		E911636F27564A8D00E1F127 /* PBXTargetDependency */ = {
			isa = PBXTargetDependency;
			target = E911634927564A8A00E1F127 /* Paxi */;
			targetProxy = E911636E27564A8D00E1F127 /* PBXContainerItemProxy */;
		};
/* End PBXTargetDependency section */

/* Begin PBXVariantGroup section */
		E911635327564A8A00E1F127 /* Main.storyboard */ = {
			isa = PBXVariantGroup;
			children = (
				E911635427564A8A00E1F127 /* Base */,
			);
			name = Main.storyboard;
			sourceTree = "<group>";
		};
		E911635B27564A8D00E1F127 /* LaunchScreen.storyboard */ = {
			isa = PBXVariantGroup;
			children = (
				E911635C27564A8D00E1F127 /* Base */,
			);
			name = LaunchScreen.storyboard;
			sourceTree = "<group>";
		};
/* End PBXVariantGroup section */

/* Begin XCBuildConfiguration section */
		E911637527564A8D00E1F127 /* Debug */ = {
			isa = XCBuildConfiguration;
			buildSettings = {
				ALWAYS_SEARCH_USER_PATHS = NO;
				CLANG_ANALYZER_NONNULL = YES;
				CLANG_ANALYZER_NUMBER_OBJECT_CONVERSION = YES_AGGRESSIVE;
				CLANG_CXX_LANGUAGE_STANDARD = "gnu++17";
				CLANG_CXX_LIBRARY = "libc++";
				CLANG_ENABLE_MODULES = YES;
				CLANG_ENABLE_OBJC_ARC = YES;
				CLANG_ENABLE_OBJC_WEAK = YES;
				CLANG_WARN_BLOCK_CAPTURE_AUTORELEASING = YES;
				CLANG_WARN_BOOL_CONVERSION = YES;
				CLANG_WARN_COMMA = YES;
				CLANG_WARN_CONSTANT_CONVERSION = YES;
				CLANG_WARN_DEPRECATED_OBJC_IMPLEMENTATIONS = YES;
				CLANG_WARN_DIRECT_OBJC_ISA_USAGE = YES_ERROR;
				CLANG_WARN_DOCUMENTATION_COMMENTS = YES;
				CLANG_WARN_EMPTY_BODY = YES;
				CLANG_WARN_ENUM_CONVERSION = YES;
				CLANG_WARN_INFINITE_RECURSION = YES;
				CLANG_WARN_INT_CONVERSION = YES;
				CLANG_WARN_NON_LITERAL_NULL_CONVERSION = YES;
				CLANG_WARN_OBJC_IMPLICIT_RETAIN_SELF = YES;
				CLANG_WARN_OBJC_LITERAL_CONVERSION = YES;
				CLANG_WARN_OBJC_ROOT_CLASS = YES_ERROR;
				CLANG_WARN_QUOTED_INCLUDE_IN_FRAMEWORK_HEADER = YES;
				CLANG_WARN_RANGE_LOOP_ANALYSIS = YES;
				CLANG_WARN_STRICT_PROTOTYPES = YES;
				CLANG_WARN_SUSPICIOUS_MOVE = YES;
				CLANG_WARN_UNGUARDED_AVAILABILITY = YES_AGGRESSIVE;
				CLANG_WARN_UNREACHABLE_CODE = YES;
				CLANG_WARN__DUPLICATE_METHOD_MATCH = YES;
				COPY_PHASE_STRIP = NO;
				DEBUG_INFORMATION_FORMAT = dwarf;
				ENABLE_STRICT_OBJC_MSGSEND = YES;
				ENABLE_TESTABILITY = YES;
				GCC_C_LANGUAGE_STANDARD = gnu11;
				GCC_DYNAMIC_NO_PIC = NO;
				GCC_NO_COMMON_BLOCKS = YES;
				GCC_OPTIMIZATION_LEVEL = 0;
				GCC_PREPROCESSOR_DEFINITIONS = (
					"DEBUG=1",
					"$(inherited)",
				);
				GCC_WARN_64_TO_32_BIT_CONVERSION = YES;
				GCC_WARN_ABOUT_RETURN_TYPE = YES_ERROR;
				GCC_WARN_UNDECLARED_SELECTOR = YES;
				GCC_WARN_UNINITIALIZED_AUTOS = YES_AGGRESSIVE;
				GCC_WARN_UNUSED_FUNCTION = YES;
				GCC_WARN_UNUSED_VARIABLE = YES;
				IPHONEOS_DEPLOYMENT_TARGET = 15.0;
				MTL_ENABLE_DEBUG_INFO = INCLUDE_SOURCE;
				MTL_FAST_MATH = YES;
				ONLY_ACTIVE_ARCH = YES;
				SDKROOT = iphoneos;
				SWIFT_ACTIVE_COMPILATION_CONDITIONS = DEBUG;
				SWIFT_OPTIMIZATION_LEVEL = "-Onone";
			};
			name = Debug;
		};
		E911637627564A8D00E1F127 /* Release */ = {
			isa = XCBuildConfiguration;
			buildSettings = {
				ALWAYS_SEARCH_USER_PATHS = NO;
				CLANG_ANALYZER_NONNULL = YES;
				CLANG_ANALYZER_NUMBER_OBJECT_CONVERSION = YES_AGGRESSIVE;
				CLANG_CXX_LANGUAGE_STANDARD = "gnu++17";
				CLANG_CXX_LIBRARY = "libc++";
				CLANG_ENABLE_MODULES = YES;
				CLANG_ENABLE_OBJC_ARC = YES;
				CLANG_ENABLE_OBJC_WEAK = YES;
				CLANG_WARN_BLOCK_CAPTURE_AUTORELEASING = YES;
				CLANG_WARN_BOOL_CONVERSION = YES;
				CLANG_WARN_COMMA = YES;
				CLANG_WARN_CONSTANT_CONVERSION = YES;
				CLANG_WARN_DEPRECATED_OBJC_IMPLEMENTATIONS = YES;
				CLANG_WARN_DIRECT_OBJC_ISA_USAGE = YES_ERROR;
				CLANG_WARN_DOCUMENTATION_COMMENTS = YES;
				CLANG_WARN_EMPTY_BODY = YES;
				CLANG_WARN_ENUM_CONVERSION = YES;
				CLANG_WARN_INFINITE_RECURSION = YES;
				CLANG_WARN_INT_CONVERSION = YES;
				CLANG_WARN_NON_LITERAL_NULL_CONVERSION = YES;
				CLANG_WARN_OBJC_IMPLICIT_RETAIN_SELF = YES;
				CLANG_WARN_OBJC_LITERAL_CONVERSION = YES;
				CLANG_WARN_OBJC_ROOT_CLASS = YES_ERROR;
				CLANG_WARN_QUOTED_INCLUDE_IN_FRAMEWORK_HEADER = YES;
				CLANG_WARN_RANGE_LOOP_ANALYSIS = YES;
				CLANG_WARN_STRICT_PROTOTYPES = YES;
				CLANG_WARN_SUSPICIOUS_MOVE = YES;
				CLANG_WARN_UNGUARDED_AVAILABILITY = YES_AGGRESSIVE;
				CLANG_WARN_UNREACHABLE_CODE = YES;
				CLANG_WARN__DUPLICATE_METHOD_MATCH = YES;
				COPY_PHASE_STRIP = NO;
				DEBUG_INFORMATION_FORMAT = "dwarf-with-dsym";
				ENABLE_NS_ASSERTIONS = NO;
				ENABLE_STRICT_OBJC_MSGSEND = YES;
				GCC_C_LANGUAGE_STANDARD = gnu11;
				GCC_NO_COMMON_BLOCKS = YES;
				GCC_WARN_64_TO_32_BIT_CONVERSION = YES;
				GCC_WARN_ABOUT_RETURN_TYPE = YES_ERROR;
				GCC_WARN_UNDECLARED_SELECTOR = YES;
				GCC_WARN_UNINITIALIZED_AUTOS = YES_AGGRESSIVE;
				GCC_WARN_UNUSED_FUNCTION = YES;
				GCC_WARN_UNUSED_VARIABLE = YES;
				IPHONEOS_DEPLOYMENT_TARGET = 15.0;
				MTL_ENABLE_DEBUG_INFO = NO;
				MTL_FAST_MATH = YES;
				SDKROOT = iphoneos;
				SWIFT_COMPILATION_MODE = wholemodule;
				SWIFT_OPTIMIZATION_LEVEL = "-O";
				VALIDATE_PRODUCT = YES;
			};
			name = Release;
		};
		E911637827564A8D00E1F127 /* Debug */ = {
			isa = XCBuildConfiguration;
			buildSettings = {
				ASSETCATALOG_COMPILER_APPICON_NAME = AppIcon;
				ASSETCATALOG_COMPILER_GLOBAL_ACCENT_COLOR_NAME = AccentColor;
				CODE_SIGN_STYLE = Automatic;
				CURRENT_PROJECT_VERSION = 1;
				DEVELOPMENT_TEAM = H3T9YTYVBN;
				GENERATE_INFOPLIST_FILE = YES;
				INFOPLIST_FILE = Paxi/Info.plist;
				INFOPLIST_KEY_UIApplicationSupportsIndirectInputEvents = YES;
				INFOPLIST_KEY_UILaunchStoryboardName = LaunchScreen;
				INFOPLIST_KEY_UISupportedInterfaceOrientations_iPad = "UIInterfaceOrientationPortrait UIInterfaceOrientationPortraitUpsideDown UIInterfaceOrientationLandscapeLeft UIInterfaceOrientationLandscapeRight";
				INFOPLIST_KEY_UISupportedInterfaceOrientations_iPhone = "UIInterfaceOrientationPortrait UIInterfaceOrientationLandscapeLeft UIInterfaceOrientationLandscapeRight";
				LD_RUNPATH_SEARCH_PATHS = (
					"$(inherited)",
					"@executable_path/Frameworks",
				);
				MARKETING_VERSION = 0.1.0;
				PRODUCT_BUNDLE_IDENTIFIER = com.sicaramacuya.Paxi;
				PRODUCT_NAME = "$(TARGET_NAME)";
				SWIFT_EMIT_LOC_STRINGS = YES;
				SWIFT_VERSION = 5.0;
				TARGETED_DEVICE_FAMILY = "1,2";
			};
			name = Debug;
		};
		E911637927564A8D00E1F127 /* Release */ = {
			isa = XCBuildConfiguration;
			buildSettings = {
				ASSETCATALOG_COMPILER_APPICON_NAME = AppIcon;
				ASSETCATALOG_COMPILER_GLOBAL_ACCENT_COLOR_NAME = AccentColor;
				CODE_SIGN_STYLE = Automatic;
				CURRENT_PROJECT_VERSION = 1;
				DEVELOPMENT_TEAM = H3T9YTYVBN;
				GENERATE_INFOPLIST_FILE = YES;
				INFOPLIST_FILE = Paxi/Info.plist;
				INFOPLIST_KEY_UIApplicationSupportsIndirectInputEvents = YES;
				INFOPLIST_KEY_UILaunchStoryboardName = LaunchScreen;
				INFOPLIST_KEY_UISupportedInterfaceOrientations_iPad = "UIInterfaceOrientationPortrait UIInterfaceOrientationPortraitUpsideDown UIInterfaceOrientationLandscapeLeft UIInterfaceOrientationLandscapeRight";
				INFOPLIST_KEY_UISupportedInterfaceOrientations_iPhone = "UIInterfaceOrientationPortrait UIInterfaceOrientationLandscapeLeft UIInterfaceOrientationLandscapeRight";
				LD_RUNPATH_SEARCH_PATHS = (
					"$(inherited)",
					"@executable_path/Frameworks",
				);
				MARKETING_VERSION = 0.1.0;
				PRODUCT_BUNDLE_IDENTIFIER = com.sicaramacuya.Paxi;
				PRODUCT_NAME = "$(TARGET_NAME)";
				SWIFT_EMIT_LOC_STRINGS = YES;
				SWIFT_VERSION = 5.0;
				TARGETED_DEVICE_FAMILY = "1,2";
			};
			name = Release;
		};
		E911637B27564A8D00E1F127 /* Debug */ = {
			isa = XCBuildConfiguration;
			buildSettings = {
				ALWAYS_EMBED_SWIFT_STANDARD_LIBRARIES = YES;
				BUNDLE_LOADER = "$(TEST_HOST)";
				CODE_SIGN_STYLE = Automatic;
				CURRENT_PROJECT_VERSION = 1;
				DEVELOPMENT_TEAM = H3T9YTYVBN;
				GENERATE_INFOPLIST_FILE = YES;
				IPHONEOS_DEPLOYMENT_TARGET = 15.0;
				LD_RUNPATH_SEARCH_PATHS = (
					"$(inherited)",
					"@executable_path/Frameworks",
					"@loader_path/Frameworks",
				);
				MARKETING_VERSION = 1.0;
				PRODUCT_BUNDLE_IDENTIFIER = chihua.PaxiTests;
				PRODUCT_NAME = "$(TARGET_NAME)";
				SWIFT_EMIT_LOC_STRINGS = NO;
				SWIFT_VERSION = 5.0;
				TARGETED_DEVICE_FAMILY = "1,2";
				TEST_HOST = "$(BUILT_PRODUCTS_DIR)/Paxi.app/Paxi";
			};
			name = Debug;
		};
		E911637C27564A8D00E1F127 /* Release */ = {
			isa = XCBuildConfiguration;
			buildSettings = {
				ALWAYS_EMBED_SWIFT_STANDARD_LIBRARIES = YES;
				BUNDLE_LOADER = "$(TEST_HOST)";
				CODE_SIGN_STYLE = Automatic;
				CURRENT_PROJECT_VERSION = 1;
				DEVELOPMENT_TEAM = H3T9YTYVBN;
				GENERATE_INFOPLIST_FILE = YES;
				IPHONEOS_DEPLOYMENT_TARGET = 15.0;
				LD_RUNPATH_SEARCH_PATHS = (
					"$(inherited)",
					"@executable_path/Frameworks",
					"@loader_path/Frameworks",
				);
				MARKETING_VERSION = 1.0;
				PRODUCT_BUNDLE_IDENTIFIER = chihua.PaxiTests;
				PRODUCT_NAME = "$(TARGET_NAME)";
				SWIFT_EMIT_LOC_STRINGS = NO;
				SWIFT_VERSION = 5.0;
				TARGETED_DEVICE_FAMILY = "1,2";
				TEST_HOST = "$(BUILT_PRODUCTS_DIR)/Paxi.app/Paxi";
			};
			name = Release;
		};
		E911637E27564A8D00E1F127 /* Debug */ = {
			isa = XCBuildConfiguration;
			buildSettings = {
				ALWAYS_EMBED_SWIFT_STANDARD_LIBRARIES = YES;
				CODE_SIGN_STYLE = Automatic;
				CURRENT_PROJECT_VERSION = 1;
				DEVELOPMENT_TEAM = H3T9YTYVBN;
				GENERATE_INFOPLIST_FILE = YES;
				LD_RUNPATH_SEARCH_PATHS = (
					"$(inherited)",
					"@executable_path/Frameworks",
					"@loader_path/Frameworks",
				);
				MARKETING_VERSION = 1.0;
				PRODUCT_BUNDLE_IDENTIFIER = chihua.PaxiUITests;
				PRODUCT_NAME = "$(TARGET_NAME)";
				SWIFT_EMIT_LOC_STRINGS = NO;
				SWIFT_VERSION = 5.0;
				TARGETED_DEVICE_FAMILY = "1,2";
				TEST_TARGET_NAME = Paxi;
			};
			name = Debug;
		};
		E911637F27564A8D00E1F127 /* Release */ = {
			isa = XCBuildConfiguration;
			buildSettings = {
				ALWAYS_EMBED_SWIFT_STANDARD_LIBRARIES = YES;
				CODE_SIGN_STYLE = Automatic;
				CURRENT_PROJECT_VERSION = 1;
				DEVELOPMENT_TEAM = H3T9YTYVBN;
				GENERATE_INFOPLIST_FILE = YES;
				LD_RUNPATH_SEARCH_PATHS = (
					"$(inherited)",
					"@executable_path/Frameworks",
					"@loader_path/Frameworks",
				);
				MARKETING_VERSION = 1.0;
				PRODUCT_BUNDLE_IDENTIFIER = chihua.PaxiUITests;
				PRODUCT_NAME = "$(TARGET_NAME)";
				SWIFT_EMIT_LOC_STRINGS = NO;
				SWIFT_VERSION = 5.0;
				TARGETED_DEVICE_FAMILY = "1,2";
				TEST_TARGET_NAME = Paxi;
			};
			name = Release;
		};
/* End XCBuildConfiguration section */

/* Begin XCConfigurationList section */
		E911634527564A8A00E1F127 /* Build configuration list for PBXProject "Paxi" */ = {
			isa = XCConfigurationList;
			buildConfigurations = (
				E911637527564A8D00E1F127 /* Debug */,
				E911637627564A8D00E1F127 /* Release */,
			);
			defaultConfigurationIsVisible = 0;
			defaultConfigurationName = Release;
		};
		E911637727564A8D00E1F127 /* Build configuration list for PBXNativeTarget "Paxi" */ = {
			isa = XCConfigurationList;
			buildConfigurations = (
				E911637827564A8D00E1F127 /* Debug */,
				E911637927564A8D00E1F127 /* Release */,
			);
			defaultConfigurationIsVisible = 0;
			defaultConfigurationName = Release;
		};
		E911637A27564A8D00E1F127 /* Build configuration list for PBXNativeTarget "PaxiTests" */ = {
			isa = XCConfigurationList;
			buildConfigurations = (
				E911637B27564A8D00E1F127 /* Debug */,
				E911637C27564A8D00E1F127 /* Release */,
			);
			defaultConfigurationIsVisible = 0;
			defaultConfigurationName = Release;
		};
		E911637D27564A8D00E1F127 /* Build configuration list for PBXNativeTarget "PaxiUITests" */ = {
			isa = XCConfigurationList;
			buildConfigurations = (
				E911637E27564A8D00E1F127 /* Debug */,
				E911637F27564A8D00E1F127 /* Release */,
			);
			defaultConfigurationIsVisible = 0;
			defaultConfigurationName = Release;
		};
/* End XCConfigurationList section */

/* Begin XCRemoteSwiftPackageReference section */
		E97D6B89278B9FD9001741C6 /* XCRemoteSwiftPackageReference "FSCalendar" */ = {
			isa = XCRemoteSwiftPackageReference;
			repositoryURL = "https://github.com/WenchaoD/FSCalendar.git";
			requirement = {
				kind = upToNextMinorVersion;
				minimumVersion = 2.8.0;
			};
		};
/* End XCRemoteSwiftPackageReference section */

/* Begin XCSwiftPackageProductDependency section */
		E97D6B8A278B9FD9001741C6 /* FSCalendar */ = {
			isa = XCSwiftPackageProductDependency;
			package = E97D6B89278B9FD9001741C6 /* XCRemoteSwiftPackageReference "FSCalendar" */;
			productName = FSCalendar;
		};
/* End XCSwiftPackageProductDependency section */

/* Begin XCVersionGroup section */
		E911635627564A8A00E1F127 /* Paxi.xcdatamodeld */ = {
			isa = XCVersionGroup;
			children = (
				E911635727564A8A00E1F127 /* Paxi.xcdatamodel */,
			);
			currentVersion = E911635727564A8A00E1F127 /* Paxi.xcdatamodel */;
			path = Paxi.xcdatamodeld;
			sourceTree = "<group>";
			versionGroupType = wrapper.xcdatamodel;
		};
/* End XCVersionGroup section */
	};
	rootObject = E911634227564A8A00E1F127 /* Project object */;
}
